<?xml version="1.0" encoding="utf-8"?>
<Project ToolsVersion="4.0" xmlns="http://schemas.microsoft.com/developer/msbuild/2003">
  <ItemGroup>
    <Filter Include="Source Files">
      <UniqueIdentifier>{4FC737F1-C7A5-4376-A066-2A32D752A2FF}</UniqueIdentifier>
      <Extensions>cpp;c;cc;cxx;def;odl;idl;hpj;bat;asm;asmx</Extensions>
    </Filter>
    <Filter Include="Source Files\util">
      <UniqueIdentifier>{4a6155fe-71ed-496b-8196-8bcc1705f07b}</UniqueIdentifier>
    </Filter>
    <Filter Include="Source Files\workers">
      <UniqueIdentifier>{c3ac454c-6a89-487e-8d9b-1bce204810bc}</UniqueIdentifier>
    </Filter>
    <Filter Include="Source Files\devices">
      <UniqueIdentifier>{90bb29c9-af5c-4913-a3ec-c63ffe20dd67}</UniqueIdentifier>
    </Filter>
    <Filter Include="Source Files\ui">
      <UniqueIdentifier>{defde472-4d3a-4794-8830-173ee7c033b8}</UniqueIdentifier>
    </Filter>
    <Filter Include="Source Files\tasks">
      <UniqueIdentifier>{e90d31dc-65df-472b-a9bc-94190d10ee06}</UniqueIdentifier>
    </Filter>
    <Filter Include="Header Files">
      <UniqueIdentifier>{93995380-89BD-4b04-88EB-625FBE52EBFB}</UniqueIdentifier>
      <Extensions>h;hpp;hxx;hm;inl;inc;xsd</Extensions>
    </Filter>
    <Filter Include="Header Files\tasks">
      <UniqueIdentifier>{756c926e-fc4b-423a-befd-593bfb59b389}</UniqueIdentifier>
    </Filter>
    <Filter Include="Header Files\workers">
      <UniqueIdentifier>{0acf0247-cd1e-4db4-8d90-4d2c3d2d43f0}</UniqueIdentifier>
    </Filter>
    <Filter Include="Header Files\devices">
      <UniqueIdentifier>{3e4805c1-9179-4f46-8786-2abb0d85d531}</UniqueIdentifier>
    </Filter>
    <Filter Include="Header Files\ui">
      <UniqueIdentifier>{b02b9554-39dc-4064-92f6-4c291c63ecc1}</UniqueIdentifier>
    </Filter>
    <Filter Include="Header Files\util">
      <UniqueIdentifier>{7160c5b8-0dda-4de3-9d93-b96b624addef}</UniqueIdentifier>
      <Extensions>h;hpp</Extensions>
    </Filter>
    <Filter Include="Resource Files">
      <UniqueIdentifier>{67DA6AB6-F800-4c08-8B7A-83BB121AAD01}</UniqueIdentifier>
      <Extensions>rc;ico;cur;bmp;dlg;rc2;rct;bin;rgs;gif;jpg;jpeg;jpe;resx;tiff;tif;png;wav</Extensions>
    </Filter>
    <Filter Include="Resource Files\Proto">
      <UniqueIdentifier>{3375b9f5-bdcc-4acc-900d-401563cd06f6}</UniqueIdentifier>
      <Extensions>proto</Extensions>
    </Filter>
    <Filter Include="Source Files\proto">
      <UniqueIdentifier>{28440a21-4892-441d-b1d1-7924ea4f419e}</UniqueIdentifier>
    </Filter>
    <Filter Include="Header Files\proto">
      <UniqueIdentifier>{9a803dce-9b34-46c5-99f3-c5e31a8d2d2f}</UniqueIdentifier>
    </Filter>
  </ItemGroup>
  <ItemGroup>
    <ClCompile Include="agent.cpp">
      <Filter>Source Files</Filter>
    </ClCompile>
    <ClCompile Include="asynq.cpp">
      <Filter>Source Files</Filter>
    </ClCompile>
    <ClCompile Include="common.cpp">
      <Filter>Source Files</Filter>
    </ClCompile>
    <ClCompile Include="fetch.cpp">
      <Filter>Source Files</Filter>
    </ClCompile>
    <ClCompile Include="frame.cpp">
      <Filter>Source Files</Filter>
    </ClCompile>
    <ClCompile Include="logger.cpp">
      <Filter>Source Files</Filter>
    </ClCompile>
    <ClCompile Include="renderer-colormap.cpp">
      <Filter>Source Files</Filter>
    </ClCompile>
    <ClCompile Include="renderer-video-frame.cpp">
      <Filter>Source Files</Filter>
    </ClCompile>
    <ClCompile Include="ring-fifo.cpp">
      <Filter>Source Files</Filter>
    </ClCompile>
    <ClCompile Include="stdafx.cpp">
      <Filter>Source Files</Filter>
    </ClCompile>
    <ClCompile Include="task.cpp">
      <Filter>Source Files</Filter>
    </ClCompile>
    <ClCompile Include="types.cpp">
      <Filter>Source Files</Filter>
    </ClCompile>
    <ClCompile Include="window-video.cpp">
      <Filter>Source Files</Filter>
    </ClCompile>
    <ClCompile Include="util\util-dx10.cpp">
      <Filter>Source Files\util</Filter>
    </ClCompile>
    <ClCompile Include="util\util-file.cpp">
      <Filter>Source Files\util</Filter>
    </ClCompile>
    <ClCompile Include="util\util-image.cpp">
      <Filter>Source Files\util</Filter>
    </ClCompile>
    <ClCompile Include="util\util-nidaqmx.cpp">
      <Filter>Source Files\util</Filter>
    </ClCompile>
    <ClCompile Include="util\util-niscope.cpp">
      <Filter>Source Files\util</Filter>
    </ClCompile>
    <ClCompile Include="workers\FrameAverage.cpp">
      <Filter>Source Files\workers</Filter>
    </ClCompile>
    <ClCompile Include="workers\FrameInvert.cpp">
      <Filter>Source Files\workers</Filter>
    </ClCompile>
    <ClCompile Include="workers\PixelWiseAverager.cpp">
      <Filter>Source Files\workers</Filter>
    </ClCompile>
    <ClCompile Include="workers\ResonantWrap.cpp">
      <Filter>Source Files\workers</Filter>
    </ClCompile>
    <ClCompile Include="workers\Terminator.cpp">
      <Filter>Source Files\workers</Filter>
    </ClCompile>
    <ClCompile Include="workers\WorkTask.cpp">
      <Filter>Source Files\workers</Filter>
    </ClCompile>
    <ClCompile Include="devices\digitizer.cpp">
      <Filter>Source Files\devices</Filter>
    </ClCompile>
    <ClCompile Include="devices\DiskStream.cpp">
      <Filter>Source Files\devices</Filter>
    </ClCompile>
    <ClCompile Include="devices\LinearScanMirror.cpp">
      <Filter>Source Files\devices</Filter>
    </ClCompile>
    <ClCompile Include="devices\Microscope.cpp">
      <Filter>Source Files\devices</Filter>
    </ClCompile>
    <ClCompile Include="devices\NIDAQAgent.cpp">
      <Filter>Source Files\devices</Filter>
    </ClCompile>
    <ClCompile Include="devices\pockels.cpp">
      <Filter>Source Files\devices</Filter>
    </ClCompile>
    <ClCompile Include="devices\scanner2D.cpp">
      <Filter>Source Files\devices</Filter>
    </ClCompile>
    <ClCompile Include="devices\Scanner3D.cpp">
      <Filter>Source Files\devices</Filter>
    </ClCompile>
    <ClCompile Include="devices\shutter.cpp">
      <Filter>Source Files\devices</Filter>
    </ClCompile>
    <ClCompile Include="devices\ZPiezo.cpp">
      <Filter>Source Files\devices</Filter>
    </ClCompile>
    <ClCompile Include="ui\AgentStateMenu.cpp">
      <Filter>Source Files\ui</Filter>
    </ClCompile>
    <ClCompile Include="ui\DigitizerStateMenu.cpp">
      <Filter>Source Files\ui</Filter>
    </ClCompile>
    <ClCompile Include="ui\MicroscopeStateMenu.cpp">
      <Filter>Source Files\ui</Filter>
    </ClCompile>
    <ClCompile Include="ui\PockelsSpinnerControl.cpp">
      <Filter>Source Files\ui</Filter>
    </ClCompile>
    <ClCompile Include="ui\ResonantWrapSpinnerControl.cpp">
      <Filter>Source Files\ui</Filter>
    </ClCompile>
    <ClCompile Include="ui\ScannerStateMenu.cpp">
      <Filter>Source Files\ui</Filter>
    </ClCompile>
    <ClCompile Include="tasks\fetch-forever.cpp">
      <Filter>Source Files\tasks</Filter>
    </ClCompile>
    <ClCompile Include="tasks\File.cpp">
      <Filter>Source Files\tasks</Filter>
    </ClCompile>
    <ClCompile Include="tasks\microscope-interaction.cpp">
      <Filter>Source Files\tasks</Filter>
    </ClCompile>
    <ClCompile Include="tasks\StackAcquisition.cpp">
      <Filter>Source Files\tasks</Filter>
    </ClCompile>
    <ClCompile Include="util\util-wrap.cpp">
      <Filter>Source Files\tasks</Filter>
    </ClCompile>
    <ClCompile Include="tasks\Video.cpp">
      <Filter>Source Files\tasks</Filter>
    </ClCompile>
    <ClCompile Include="linear_scan_mirror.pb.cc">
      <Filter>Source Files\proto</Filter>
    </ClCompile>
    <ClCompile Include="pockels.pb.cc">
      <Filter>Source Files\proto</Filter>
    </ClCompile>
    <ClCompile Include="scanner2d.pb.cc">
      <Filter>Source Files\proto</Filter>
    </ClCompile>
    <ClCompile Include="shutter.pb.cc">
      <Filter>Source Files\proto</Filter>
    </ClCompile>
    <ClCompile Include="digitizer.pb.cc">
      <Filter>Source Files\proto</Filter>
    </ClCompile>
    <ClCompile Include="zpiezo.pb.cc">
      <Filter>Source Files\proto</Filter>
    </ClCompile>
    <ClCompile Include="scanner3d.pb.cc">
      <Filter>Source Files\proto</Filter>
    </ClCompile>
  </ItemGroup>
  <ItemGroup>
    <None Include="shader.fx">
      <Filter>Source Files</Filter>
    </None>
    <None Include="fetch.ico">
      <Filter>Resource Files</Filter>
    </None>
    <None Include="small.ico">
      <Filter>Resource Files</Filter>
    </None>
    <None Include="Agents.cd" />
    <None Include="MessageTypes.cd" />
    <None Include="ReadMe.txt" />
    <None Include="Tasks.cd" />
    <None Include="ClassDiagram1.cd" />
    <None Include="ClassDiagram2.cd" />
  </ItemGroup>
  <ItemGroup>
    <ClInclude Include="agent.h">
      <Filter>Header Files</Filter>
    </ClInclude>
    <ClInclude Include="asynq.h">
      <Filter>Header Files</Filter>
    </ClInclude>
    <ClInclude Include="common.h">
      <Filter>Header Files</Filter>
    </ClInclude>
    <ClInclude Include="fetch.h">
      <Filter>Header Files</Filter>
    </ClInclude>
    <ClInclude Include="frame.h">
      <Filter>Header Files</Filter>
    </ClInclude>
    <ClInclude Include="logger.h">
      <Filter>Header Files</Filter>
    </ClInclude>
    <ClInclude Include="renderer-colormap.h">
      <Filter>Header Files</Filter>
    </ClInclude>
    <ClInclude Include="renderer-video-frame.h">
      <Filter>Header Files</Filter>
    </ClInclude>
    <ClInclude Include="Resource.h">
      <Filter>Header Files</Filter>
    </ClInclude>
    <ClInclude Include="ring-fifo.h">
      <Filter>Header Files</Filter>
    </ClInclude>
    <ClInclude Include="stdafx.h">
      <Filter>Header Files</Filter>
    </ClInclude>
    <ClInclude Include="targetver.h">
      <Filter>Header Files</Filter>
    </ClInclude>
    <ClInclude Include="task.h">
      <Filter>Header Files</Filter>
    </ClInclude>
    <ClInclude Include="types.h">
      <Filter>Header Files</Filter>
    </ClInclude>
    <ClInclude Include="window-video.h">
      <Filter>Header Files</Filter>
    </ClInclude>
    <ClInclude Include="tasks\fetch-forever.h">
      <Filter>Header Files\tasks</Filter>
    </ClInclude>
    <ClInclude Include="tasks\File.h">
      <Filter>Header Files\tasks</Filter>
    </ClInclude>
    <ClInclude Include="tasks\microscope-interaction.h">
      <Filter>Header Files\tasks</Filter>
    </ClInclude>
    <ClInclude Include="tasks\StackAcquisition.h">
      <Filter>Header Files\tasks</Filter>
    </ClInclude>
    <ClInclude Include="tasks\Video.h">
      <Filter>Header Files\tasks</Filter>
    </ClInclude>
    <ClInclude Include="workers\FrameAverage.h">
      <Filter>Header Files\workers</Filter>
    </ClInclude>
    <ClInclude Include="workers\FrameCaster.h">
      <Filter>Header Files\workers</Filter>
    </ClInclude>
    <ClInclude Include="workers\FrameInvert.h">
      <Filter>Header Files\workers</Filter>
    </ClInclude>
    <ClInclude Include="workers\PixelWiseAverager.h">
      <Filter>Header Files\workers</Filter>
    </ClInclude>
    <ClInclude Include="workers\ResonantWrap.h">
      <Filter>Header Files\workers</Filter>
    </ClInclude>
    <ClInclude Include="workers\Terminator.h">
      <Filter>Header Files\workers</Filter>
    </ClInclude>
    <ClInclude Include="workers\WorkAgent.h">
      <Filter>Header Files\workers</Filter>
    </ClInclude>
    <ClInclude Include="workers\WorkTask.h">
      <Filter>Header Files\workers</Filter>
    </ClInclude>
    <ClInclude Include="devices\digitizer.h">
      <Filter>Header Files\devices</Filter>
    </ClInclude>
    <ClInclude Include="devices\DiskStream.h">
      <Filter>Header Files\devices</Filter>
    </ClInclude>
    <ClInclude Include="devices\LinearScanMirror.h">
      <Filter>Header Files\devices</Filter>
    </ClInclude>
    <ClInclude Include="devices\Microscope.h">
      <Filter>Header Files\devices</Filter>
    </ClInclude>
    <ClInclude Include="devices\NIDAQAgent.h">
      <Filter>Header Files\devices</Filter>
    </ClInclude>
    <ClInclude Include="devices\pockels.h">
      <Filter>Header Files\devices</Filter>
    </ClInclude>
    <ClInclude Include="devices\scanner2D.h">
      <Filter>Header Files\devices</Filter>
    </ClInclude>
    <ClInclude Include="devices\Scanner3D.h">
      <Filter>Header Files\devices</Filter>
    </ClInclude>
    <ClInclude Include="devices\shutter.h">
      <Filter>Header Files\devices</Filter>
    </ClInclude>
    <ClInclude Include="devices\ZPiezo.h">
      <Filter>Header Files\devices</Filter>
    </ClInclude>
    <ClInclude Include="ui\AgentStateMenu.h">
      <Filter>Header Files\ui</Filter>
    </ClInclude>
    <ClInclude Include="ui\DigitizerStateMenu.h">
      <Filter>Header Files\ui</Filter>
    </ClInclude>
    <ClInclude Include="ui\MicroscopeStateMenu.h">
      <Filter>Header Files\ui</Filter>
    </ClInclude>
    <ClInclude Include="ui\PockelsSpinnerControl.h">
      <Filter>Header Files\ui</Filter>
    </ClInclude>
    <ClInclude Include="ui\ResonantWrapSpinnerControl.h">
      <Filter>Header Files\ui</Filter>
    </ClInclude>
    <ClInclude Include="ui\ScannerStateMenu.h">
      <Filter>Header Files\ui</Filter>
    </ClInclude>
    <ClInclude Include="util\util-dx10.h">
      <Filter>Header Files\util</Filter>
    </ClInclude>
    <ClInclude Include="util\util-file.h">
      <Filter>Header Files\util</Filter>
    </ClInclude>
    <ClInclude Include="util\util-image.h">
      <Filter>Header Files\util</Filter>
    </ClInclude>
    <ClInclude Include="util\util-nidaqmx.h">
      <Filter>Header Files\util</Filter>
    </ClInclude>
    <ClInclude Include="util\util-niscope.h">
      <Filter>Header Files\util</Filter>
    </ClInclude>
    <ClInclude Include="util\util-wrap.h">
      <Filter>Header Files\util</Filter>
    </ClInclude>
    <ClInclude Include="scanner2d.pb.h">
      <Filter>Header Files\proto</Filter>
    </ClInclude>
    <ClInclude Include="shutter.pb.h">
      <Filter>Header Files\proto</Filter>
    </ClInclude>
    <ClInclude Include="digitizer.pb.h">
      <Filter>Header Files\proto</Filter>
    </ClInclude>
    <ClInclude Include="linear_scan_mirror.pb.h">
      <Filter>Header Files\proto</Filter>
    </ClInclude>
    <ClInclude Include="pockels.pb.h">
      <Filter>Header Files\proto</Filter>
    </ClInclude>
    <ClInclude Include="zpiezo.pb.h">
      <Filter>Header Files\proto</Filter>
    </ClInclude>
    <ClInclude Include="scanner3d.pb.h">
      <Filter>Header Files\proto</Filter>
    </ClInclude>
    <ClInclude Include="object.h">
      <Filter>Header Files</Filter>
    </ClInclude>
  </ItemGroup>
  <ItemGroup>
    <ResourceCompile Include="fetch.rc">
      <Filter>Resource Files</Filter>
    </ResourceCompile>
    <ResourceCompile Include="logger.rc">
      <Filter>Resource Files</Filter>
    </ResourceCompile>
  </ItemGroup>
  <ItemGroup>
    <CustomBuild Include="proto\scanner2d.proto">
      <Filter>Resource Files\Proto</Filter>
    </CustomBuild>
    <CustomBuild Include="proto\pockels.proto">
      <Filter>Resource Files\Proto</Filter>
    </CustomBuild>
    <CustomBuild Include="proto\linear_scan_mirror.proto">
      <Filter>Resource Files\Proto</Filter>
    </CustomBuild>
    <CustomBuild Include="proto\shutter.proto">
      <Filter>Resource Files\Proto</Filter>
    </CustomBuild>
    <CustomBuild Include="proto\digitizer.proto">
      <Filter>Resource Files\Proto</Filter>
    </CustomBuild>
    <CustomBuild Include="proto\zpiezo.proto">
      <Filter>Resource Files\Proto</Filter>
    </CustomBuild>
    <CustomBuild Include="proto\scanner3d.proto">
      <Filter>Resource Files\Proto</Filter>
    </CustomBuild>
  </ItemGroup>
</Project>