<?xml version="1.0" encoding="utf-8"?>
<Project ToolsVersion="4.0" xmlns="http://schemas.microsoft.com/developer/msbuild/2003">
  <ItemGroup>
    <Filter Include="Source Files">
      <UniqueIdentifier>{4FC737F1-C7A5-4376-A066-2A32D752A2FF}</UniqueIdentifier>
      <Extensions>cpp;c;cc;cxx;def;odl;idl;hpj;bat;asm;asmx</Extensions>
    </Filter>
    <Filter Include="Header Files">
      <UniqueIdentifier>{93995380-89BD-4b04-88EB-625FBE52EBFB}</UniqueIdentifier>
      <Extensions>h;hpp;hxx;hm;inl;inc;xsd</Extensions>
    </Filter>
    <Filter Include="Resource Files">
      <UniqueIdentifier>{67DA6AB6-F800-4c08-8B7A-83BB121AAD01}</UniqueIdentifier>
      <Extensions>rc;ico;cur;bmp;dlg;rc2;rct;bin;rgs;gif;jpg;jpeg;jpe;resx;tiff;tif;png;wav</Extensions>
    </Filter>
  </ItemGroup>
  <ItemGroup>
    <ClCompile Include="..\fetch\agent.cpp">
      <Filter>Source Files</Filter>
    </ClCompile>
    <ClCompile Include="..\fetch\asynq.cpp">
      <Filter>Source Files</Filter>
    </ClCompile>
    <ClCompile Include="..\fetch\common.cpp">
      <Filter>Source Files</Filter>
    </ClCompile>
    <ClCompile Include="..\fetch\devices\DiskStream.cpp">
      <Filter>Source Files</Filter>
    </ClCompile>
    <ClCompile Include="..\fetch\tasks\File.cpp">
      <Filter>Source Files</Filter>
    </ClCompile>
    <ClCompile Include="..\fetch\frame.cpp">
      <Filter>Source Files</Filter>
    </ClCompile>
    <ClCompile Include="..\fetch\logger.cpp">
      <Filter>Source Files</Filter>
    </ClCompile>
    <ClCompile Include="..\fetch\ring-fifo.cpp">
      <Filter>Source Files</Filter>
    </ClCompile>
    <ClCompile Include="stdafx.cpp">
      <Filter>Source Files</Filter>
    </ClCompile>
    <ClCompile Include="..\fetch\task.cpp">
      <Filter>Source Files</Filter>
    </ClCompile>
    <ClCompile Include="Translate.cpp">
      <Filter>Source Files</Filter>
    </ClCompile>
    <ClCompile Include="TranslateDlg.cpp">
      <Filter>Source Files</Filter>
    </ClCompile>
    <ClCompile Include="..\fetch\types.cpp">
      <Filter>Source Files</Filter>
    </ClCompile>
    <ClCompile Include="..\fetch\util\util-file.cpp">
      <Filter>Source Files</Filter>
    </ClCompile>
    <ClCompile Include="..\fetch\util\util-image.cpp">
      <Filter>Source Files</Filter>
    </ClCompile>
  </ItemGroup>
  <ItemGroup>
    <ClInclude Include="..\fetch\agent.h">
      <Filter>Header Files</Filter>
    </ClInclude>
    <ClInclude Include="..\fetch\asynq.h">
      <Filter>Header Files</Filter>
    </ClInclude>
    <ClInclude Include="..\fetch\common.h">
      <Filter>Header Files</Filter>
    </ClInclude>
    <ClInclude Include="..\fetch\devices\DiskStream.h">
      <Filter>Header Files</Filter>
    </ClInclude>
    <ClInclude Include="..\fetch\tasks\File.h">
      <Filter>Header Files</Filter>
    </ClInclude>
    <ClInclude Include="..\fetch\frame.h">
      <Filter>Header Files</Filter>
    </ClInclude>
    <ClInclude Include="..\fetch\logger.h">
      <Filter>Header Files</Filter>
    </ClInclude>
    <ClInclude Include="Resource.h">
      <Filter>Header Files</Filter>
    </ClInclude>
    <ClInclude Include="..\fetch\ring-fifo.h">
      <Filter>Header Files</Filter>
    </ClInclude>
    <ClInclude Include="stdafx.h">
      <Filter>Header Files</Filter>
    </ClInclude>
    <ClInclude Include="targetver.h">
      <Filter>Header Files</Filter>
    </ClInclude>
    <ClInclude Include="..\fetch\task.h">
      <Filter>Header Files</Filter>
    </ClInclude>
    <ClInclude Include="Translate.h">
      <Filter>Header Files</Filter>
    </ClInclude>
    <ClInclude Include="TranslateDlg.h">
      <Filter>Header Files</Filter>
    </ClInclude>
    <ClInclude Include="..\fetch\types.h">
      <Filter>Header Files</Filter>
    </ClInclude>
    <ClInclude Include="..\fetch\util\util-file.h">
      <Filter>Header Files</Filter>
    </ClInclude>
    <ClInclude Include="..\fetch\util\util-image.h">
      <Filter>Header Files</Filter>
    </ClInclude>
  </ItemGroup>
  <ItemGroup>
    <None Include="res\Translate.ico">
      <Filter>Resource Files</Filter>
    </None>
    <None Include="res\Translate.rc2">
      <Filter>Resource Files</Filter>
    </None>
    <None Include="ReadMe.txt" />
  </ItemGroup>
  <ItemGroup>
    <ResourceCompile Include="Translate.rc">
      <Filter>Resource Files</Filter>
    </ResourceCompile>
  </ItemGroup>
</Project>